// !$*UTF8*$!
{
	archiveVersion = 1;
	classes = {
	};
	objectVersion = 48;
	objects = {

/* Begin PBXBuildFile section */
		BE0E7EB92020624400B76CFC /* AppDelegate.m in Sources */ = {isa = PBXBuildFile; fileRef = BE0E7EB82020624400B76CFC /* AppDelegate.m */; };
		BE0E7EBC2020624400B76CFC /* ViewController.m in Sources */ = {isa = PBXBuildFile; fileRef = BE0E7EBB2020624400B76CFC /* ViewController.m */; };
		BE0E7EBF2020624400B76CFC /* Main.storyboard in Resources */ = {isa = PBXBuildFile; fileRef = BE0E7EBD2020624400B76CFC /* Main.storyboard */; };
		BE0E7EC12020624400B76CFC /* Assets.xcassets in Resources */ = {isa = PBXBuildFile; fileRef = BE0E7EC02020624400B76CFC /* Assets.xcassets */; };
		BE0E7EC42020624400B76CFC /* LaunchScreen.storyboard in Resources */ = {isa = PBXBuildFile; fileRef = BE0E7EC22020624400B76CFC /* LaunchScreen.storyboard */; };
		BE0E7EC72020624400B76CFC /* main.m in Sources */ = {isa = PBXBuildFile; fileRef = BE0E7EC62020624400B76CFC /* main.m */; };
		BEE5C4592022EEA500502880 /* MyFramework.framework in Frameworks */ = {isa = PBXBuildFile; fileRef = BEE5C4572022EEA500502880 /* MyFramework.framework */; };
		BEE5C4802023072100502880 /* MyFrameworkBundle.bundle in Resources */ = {isa = PBXBuildFile; fileRef = BEE5C47F2023072100502880 /* MyFrameworkBundle.bundle */; };
/* End PBXBuildFile section */

/* Begin PBXFileReference section */
		BE0E7EB42020624400B76CFC /* MyApp.app */ = {isa = PBXFileReference; explicitFileType = wrapper.application; includeInIndex = 0; path = MyApp.app; sourceTree = BUILT_PRODUCTS_DIR; };
		BE0E7EB72020624400B76CFC /* AppDelegate.h */ = {isa = PBXFileReference; lastKnownFileType = sourcecode.c.h; path = AppDelegate.h; sourceTree = "<group>"; };
		BE0E7EB82020624400B76CFC /* AppDelegate.m */ = {isa = PBXFileReference; lastKnownFileType = sourcecode.c.objc; path = AppDelegate.m; sourceTree = "<group>"; };
		BE0E7EBA2020624400B76CFC /* ViewController.h */ = {isa = PBXFileReference; lastKnownFileType = sourcecode.c.h; path = ViewController.h; sourceTree = "<group>"; };
		BE0E7EBB2020624400B76CFC /* ViewController.m */ = {isa = PBXFileReference; lastKnownFileType = sourcecode.c.objc; path = ViewController.m; sourceTree = "<group>"; };
		BE0E7EBE2020624400B76CFC /* Base */ = {isa = PBXFileReference; lastKnownFileType = file.storyboard; name = Base; path = Base.lproj/Main.storyboard; sourceTree = "<group>"; };
		BE0E7EC02020624400B76CFC /* Assets.xcassets */ = {isa = PBXFileReference; lastKnownFileType = folder.assetcatalog; path = Assets.xcassets; sourceTree = "<group>"; };
		BE0E7EC32020624400B76CFC /* Base */ = {isa = PBXFileReference; lastKnownFileType = file.storyboard; name = Base; path = Base.lproj/LaunchScreen.storyboard; sourceTree = "<group>"; };
		BE0E7EC52020624400B76CFC /* Info.plist */ = {isa = PBXFileReference; lastKnownFileType = text.plist.xml; path = Info.plist; sourceTree = "<group>"; };
		BE0E7EC62020624400B76CFC /* main.m */ = {isa = PBXFileReference; lastKnownFileType = sourcecode.c.objc; path = main.m; sourceTree = "<group>"; };
		BEE5C4572022EEA500502880 /* MyFramework.framework */ = {isa = PBXFileReference; lastKnownFileType = wrapper.framework; path = MyFramework.framework; sourceTree = "<group>"; };
		BEE5C47F2023072100502880 /* MyFrameworkBundle.bundle */ = {isa = PBXFileReference; lastKnownFileType = "wrapper.plug-in"; path = MyFrameworkBundle.bundle; sourceTree = "<group>"; };
/* End PBXFileReference section */

/* Begin PBXFrameworksBuildPhase section */
		BE0E7EB12020624400B76CFC /* Frameworks */ = {
			isa = PBXFrameworksBuildPhase;
			buildActionMask = 2147483647;
			files = (
				BEE5C4592022EEA500502880 /* MyFramework.framework in Frameworks */,
			);
			runOnlyForDeploymentPostprocessing = 0;
		};
/* End PBXFrameworksBuildPhase section */

/* Begin PBXGroup section */
		BE0E7EAB2020624400B76CFC = {
			isa = PBXGroup;
			children = (
				BE0E7EB62020624400B76CFC /* MyApp */,
				BE0E7EB52020624400B76CFC /* Products */,
			);
			sourceTree = "<group>";
		};
		BE0E7EB52020624400B76CFC /* Products */ = {
			isa = PBXGroup;
			children = (
				BE0E7EB42020624400B76CFC /* MyApp.app */,
			);
			name = Products;
			sourceTree = "<group>";
		};
		BE0E7EB62020624400B76CFC /* MyApp */ = {
			isa = PBXGroup;
			children = (
				BEE5C4552022EEA500502880 /* Output */,
				BE0E7EB72020624400B76CFC /* AppDelegate.h */,
				BE0E7EB82020624400B76CFC /* AppDelegate.m */,
				BE0E7EBA2020624400B76CFC /* ViewController.h */,
				BE0E7EBB2020624400B76CFC /* ViewController.m */,
				BE0E7EBD2020624400B76CFC /* Main.storyboard */,
				BE0E7EC02020624400B76CFC /* Assets.xcassets */,
				BE0E7EC22020624400B76CFC /* LaunchScreen.storyboard */,
				BE0E7EC52020624400B76CFC /* Info.plist */,
				BE0E7EC62020624400B76CFC /* main.m */,
			);
			path = MyApp;
			sourceTree = "<group>";
		};
		BEE5C4552022EEA500502880 /* Output */ = {
			isa = PBXGroup;
			children = (
				BEE5C4572022EEA500502880 /* MyFramework.framework */,
				BEE5C47F2023072100502880 /* MyFrameworkBundle.bundle */,
			);
			name = Output;
			path = ../../MyFramework/Output;
			sourceTree = "<group>";
		};
/* End PBXGroup section */

/* Begin PBXNativeTarget section */
		BE0E7EB32020624400B76CFC /* MyApp */ = {
			isa = PBXNativeTarget;
			buildConfigurationList = BE0E7ECA2020624400B76CFC /* Build configuration list for PBXNativeTarget "MyApp" */;
			buildPhases = (
				BE0E7EB02020624400B76CFC /* Sources */,
				BE0E7EB12020624400B76CFC /* Frameworks */,
				BE0E7EB22020624400B76CFC /* Resources */,
			);
			buildRules = (
			);
			dependencies = (
			);
			name = MyApp;
			productName = MyApp;
			productReference = BE0E7EB42020624400B76CFC /* MyApp.app */;
			productType = "com.apple.product-type.application";
		};
/* End PBXNativeTarget section */

/* Begin PBXProject section */
		BE0E7EAC2020624400B76CFC /* Project object */ = {
			isa = PBXProject;
			attributes = {
				LastUpgradeCheck = 0920;
				ORGANIZATIONNAME = yangyi;
				TargetAttributes = {
					BE0E7EB32020624400B76CFC = {
						CreatedOnToolsVersion = 9.2;
						ProvisioningStyle = Manual;
					};
				};
			};
			buildConfigurationList = BE0E7EAF2020624400B76CFC /* Build configuration list for PBXProject "MyApp" */;
			compatibilityVersion = "Xcode 8.0";
			developmentRegion = en;
			hasScannedForEncodings = 0;
			knownRegions = (
				en,
				Base,
			);
			mainGroup = BE0E7EAB2020624400B76CFC;
			productRefGroup = BE0E7EB52020624400B76CFC /* Products */;
			projectDirPath = "";
			projectRoot = "";
			targets = (
				BE0E7EB32020624400B76CFC /* MyApp */,
			);
		};
/* End PBXProject section */

/* Begin PBXResourcesBuildPhase section */
		BE0E7EB22020624400B76CFC /* Resources */ = {
			isa = PBXResourcesBuildPhase;
			buildActionMask = 2147483647;
			files = (
				BE0E7EC42020624400B76CFC /* LaunchScreen.storyboard in Resources */,
				BE0E7EC12020624400B76CFC /* Assets.xcassets in Resources */,
				BEE5C4802023072100502880 /* MyFrameworkBundle.bundle in Resources */,
				BE0E7EBF2020624400B76CFC /* Main.storyboard in Resources */,
			);
			runOnlyForDeploymentPostprocessing = 0;
		};
/* End PBXResourcesBuildPhase section */

/* Begin PBXSourcesBuildPhase section */
		BE0E7EB02020624400B76CFC /* Sources */ = {
			isa = PBXSourcesBuildPhase;
			buildActionMask = 2147483647;
			files = (
				BE0E7EBC2020624400B76CFC /* ViewController.m in Sources */,
				BE0E7EC72020624400B76CFC /* main.m in Sources */,
				BE0E7EB92020624400B76CFC /* AppDelegate.m in Sources */,
			);
			runOnlyForDeploymentPostprocessing = 0;
		};
/* End PBXSourcesBuildPhase section */

/* Begin PBXVariantGroup section */
		BE0E7EBD2020624400B76CFC /* Main.storyboard */ = {
			isa = PBXVariantGroup;
			children = (
				BE0E7EBE2020624400B76CFC /* Base */,
			);
			name = Main.storyboard;
			sourceTree = "<group>";
		};
		BE0E7EC22020624400B76CFC /* LaunchScreen.storyboard */ = {
			isa = PBXVariantGroup;
			children = (
				BE0E7EC32020624400B76CFC /* Base */,
			);
			name = LaunchScreen.storyboard;
			sourceTree = "<group>";
		};
/* End PBXVariantGroup section */

/* Begin XCBuildConfiguration section */
		BE0E7EC82020624400B76CFC /* Debug */ = {
			isa = XCBuildConfiguration;
			buildSettings = {
				ALWAYS_SEARCH_USER_PATHS = NO;
				CLANG_ANALYZER_NONNULL = YES;
				CLANG_ANALYZER_NUMBER_OBJECT_CONVERSION = YES_AGGRESSIVE;
				CLANG_CXX_LANGUAGE_STANDARD = "gnu++14";
				CLANG_CXX_LIBRARY = "libc++";
				CLANG_ENABLE_MODULES = YES;
				CLANG_ENABLE_OBJC_ARC = YES;
				CLANG_WARN_BLOCK_CAPTURE_AUTORELEASING = YES;
				CLANG_WARN_BOOL_CONVERSION = YES;
				CLANG_WARN_COMMA = YES;
				CLANG_WARN_CONSTANT_CONVERSION = YES;
				CLANG_WARN_DIRECT_OBJC_ISA_USAGE = YES_ERROR;
				CLANG_WARN_DOCUMENTATION_COMMENTS = YES;
				CLANG_WARN_EMPTY_BODY = YES;
				CLANG_WARN_ENUM_CONVERSION = YES;
				CLANG_WARN_INFINITE_RECURSION = YES;
				CLANG_WARN_INT_CONVERSION = YES;
				CLANG_WARN_NON_LITERAL_NULL_CONVERSION = YES;
				CLANG_WARN_OBJC_LITERAL_CONVERSION = YES;
				CLANG_WARN_OBJC_ROOT_CLASS = YES_ERROR;
				CLANG_WARN_RANGE_LOOP_ANALYSIS = YES;
				CLANG_WARN_STRICT_PROTOTYPES = YES;
				CLANG_WARN_SUSPICIOUS_MOVE = YES;
				CLANG_WARN_UNGUARDED_AVAILABILITY = YES_AGGRESSIVE;
				CLANG_WARN_UNREACHABLE_CODE = YES;
				CLANG_WARN__DUPLICATE_METHOD_MATCH = YES;
				CODE_SIGN_IDENTITY = "iPhone Developer";
				COPY_PHASE_STRIP = NO;
				DEBUG_INFORMATION_FORMAT = dwarf;
				ENABLE_STRICT_OBJC_MSGSEND = YES;
				ENABLE_TESTABILITY = YES;
				GCC_C_LANGUAGE_STANDARD = gnu11;
				GCC_DYNAMIC_NO_PIC = NO;
				GCC_NO_COMMON_BLOCKS = YES;
				GCC_OPTIMIZATION_LEVEL = 0;
				GCC_PREPROCESSOR_DEFINITIONS = (
					"DEBUG=1",
					"$(inherited)",
				);
				GCC_WARN_64_TO_32_BIT_CONVERSION = YES;
				GCC_WARN_ABOUT_RETURN_TYPE = YES_ERROR;
				GCC_WARN_UNDECLARED_SELECTOR = YES;
				GCC_WARN_UNINITIALIZED_AUTOS = YES_AGGRESSIVE;
				GCC_WARN_UNUSED_FUNCTION = YES;
				GCC_WARN_UNUSED_VARIABLE = YES;
				IPHONEOS_DEPLOYMENT_TARGET = 11.2;
				MTL_ENABLE_DEBUG_INFO = YES;
				ONLY_ACTIVE_ARCH = YES;
				OTHER_LDFLAGS = "-ObjC";
				SDKROOT = iphoneos;
			};
			name = Debug;
		};
		BE0E7EC92020624400B76CFC /* Release */ = {
			isa = XCBuildConfiguration;
			buildSettings = {
				ALWAYS_SEARCH_USER_PATHS = NO;
				CLANG_ANALYZER_NONNULL = YES;
				CLANG_ANALYZER_NUMBER_OBJECT_CONVERSION = YES_AGGRESSIVE;
				CLANG_CXX_LANGUAGE_STANDARD = "gnu++14";
				CLANG_CXX_LIBRARY = "libc++";
				CLANG_ENABLE_MODULES = YES;
				CLANG_ENABLE_OBJC_ARC = YES;
				CLANG_WARN_BLOCK_CAPTURE_AUTORELEASING = YES;
				CLANG_WARN_BOOL_CONVERSION = YES;
				CLANG_WARN_COMMA = YES;
				CLANG_WARN_CONSTANT_CONVERSION = YES;
				CLANG_WARN_DIRECT_OBJC_ISA_USAGE = YES_ERROR;
				CLANG_WARN_DOCUMENTATION_COMMENTS = YES;
				CLANG_WARN_EMPTY_BODY = YES;
				CLANG_WARN_ENUM_CONVERSION = YES;
				CLANG_WARN_INFINITE_RECURSION = YES;
				CLANG_WARN_INT_CONVERSION = YES;
				CLANG_WARN_NON_LITERAL_NULL_CONVERSION = YES;
				CLANG_WARN_OBJC_LITERAL_CONVERSION = YES;
				CLANG_WARN_OBJC_ROOT_CLASS = YES_ERROR;
				CLANG_WARN_RANGE_LOOP_ANALYSIS = YES;
				CLANG_WARN_STRICT_PROTOTYPES = YES;
				CLANG_WARN_SUSPICIOUS_MOVE = YES;
				CLANG_WARN_UNGUARDED_AVAILABILITY = YES_AGGRESSIVE;
				CLANG_WARN_UNREACHABLE_CODE = YES;
				CLANG_WARN__DUPLICATE_METHOD_MATCH = YES;
				CODE_SIGN_IDENTITY = "iPhone Developer";
				COPY_PHASE_STRIP = NO;
				DEBUG_INFORMATION_FORMAT = "dwarf-with-dsym";
				ENABLE_NS_ASSERTIONS = NO;
				ENABLE_STRICT_OBJC_MSGSEND = YES;
				GCC_C_LANGUAGE_STANDARD = gnu11;
				GCC_NO_COMMON_BLOCKS = YES;
				GCC_WARN_64_TO_32_BIT_CONVERSION = YES;
				GCC_WARN_ABOUT_RETURN_TYPE = YES_ERROR;
				GCC_WARN_UNDECLARED_SELECTOR = YES;
				GCC_WARN_UNINITIALIZED_AUTOS = YES_AGGRESSIVE;
				GCC_WARN_UNUSED_FUNCTION = YES;
				GCC_WARN_UNUSED_VARIABLE = YES;
				IPHONEOS_DEPLOYMENT_TARGET = 11.2;
				MTL_ENABLE_DEBUG_INFO = NO;
				OTHER_LDFLAGS = "-ObjC";
				SDKROOT = iphoneos;
				VALIDATE_PRODUCT = YES;
			};
			name = Release;
		};
		BE0E7ECB2020624400B76CFC /* Debug */ = {
			isa = XCBuildConfiguration;
			buildSettings = {
				ASSETCATALOG_COMPILER_APPICON_NAME = AppIcon;
				CODE_SIGN_STYLE = Manual;
				DEVELOPMENT_TEAM = K7MDP8Y272;
				FRAMEWORK_SEARCH_PATHS = (
					"$(PROJECT_DIR)/../MyFramework/Output",
					"$(PROJECT_DIR)/MyApp/Output",
				);
				INFOPLIST_FILE = MyApp/Info.plist;
				LD_RUNPATH_SEARCH_PATHS = "$(inherited) @executable_path/Frameworks";
				PRODUCT_BUNDLE_IDENTIFIER = com.melot.MyApp;
				PRODUCT_NAME = "$(TARGET_NAME)";
				PROVISIONING_PROFILE = "a0b197a1-dbd3-4fbf-893c-196dd942e2e7";
				PROVISIONING_PROFILE_SPECIFIER = KKUniversal_Dev;
				TARGETED_DEVICE_FAMILY = "1,2";
			};
			name = Debug;
		};
		BE0E7ECC2020624400B76CFC /* Release */ = {
			isa = XCBuildConfiguration;
			buildSettings = {
				ASSETCATALOG_COMPILER_APPICON_NAME = AppIcon;
				CODE_SIGN_STYLE = Manual;
				DEVELOPMENT_TEAM = "";
				FRAMEWORK_SEARCH_PATHS = (
					"$(PROJECT_DIR)/../MyFramework/Output",
					"$(PROJECT_DIR)/MyApp/Output",
				);
				INFOPLIST_FILE = MyApp/Info.plist;
				LD_RUNPATH_SEARCH_PATHS = "$(inherited) @executable_path/Frameworks";
				PRODUCT_BUNDLE_IDENTIFIER = com.melot.MyApp;
				PRODUCT_NAME = "$(TARGET_NAME)";
				PROVISIONING_PROFILE_SPECIFIER = "";
				TARGETED_DEVICE_FAMILY = "1,2";
			};
			name = Release;
		};
/* End XCBuildConfiguration section */

/* Begin XCConfigurationList section */
		BE0E7EAF2020624400B76CFC /* Build configuration list for PBXProject "MyApp" */ = {
			isa = XCConfigurationList;
			buildConfigurations = (
				BE0E7EC82020624400B76CFC /* Debug */,
				BE0E7EC92020624400B76CFC /* Release */,
			);
			defaultConfigurationIsVisible = 0;
			defaultConfigurationName = Release;
		};
		BE0E7ECA2020624400B76CFC /* Build configuration list for PBXNativeTarget "MyApp" */ = {
			isa = XCConfigurationList;
			buildConfigurations = (
				BE0E7ECB2020624400B76CFC /* Debug */,
				BE0E7ECC2020624400B76CFC /* Release */,
			);
			defaultConfigurationIsVisible = 0;
			defaultConfigurationName = Release;
		};
/* End XCConfigurationList section */
	};
	rootObject = BE0E7EAC2020624400B76CFC /* Project object */;
}
